
Microsoft Visual Studio Solution File, Format Version 12.00
# Visual Studio 15
VisualStudioVersion = 15.0.26730.16
MinimumVisualStudioVersion = 10.0.40219.1
Project("{FAE04EC0-301F-11D3-BF4B-00C04F79EFBC}") = "DevOps", "DevOps\DevOps.csproj", "{166D8123-740D-4CA9-A891-F2A9B3BA570A}"
EndProject
Global
	GlobalSection(SolutionConfigurationPlatforms) = preSolution
		Debug|Any CPU = Debug|Any CPU
		Release|Any CPU = Release|Any CPU
	EndGlobalSection
	GlobalSection(ProjectConfigurationPlatforms) = postSolution
		{166D8123-740D-4CA9-A891-F2A9B3BA570A}.Debug|Any CPU.ActiveCfg = Debug|Any CPU
		{166D8123-740D-4CA9-A891-F2A9B3BA570A}.Debug|Any CPU.Build.0 = Debug|Any CPU
		{166D8123-740D-4CA9-A891-F2A9B3BA570A}.Release|Any CPU.ActiveCfg = Release|Any CPU
		{166D8123-740D-4CA9-A891-F2A9B3BA570A}.Release|Any CPU.Build.0 = Release|Any CPU
	EndGlobalSection
	GlobalSection(SolutionProperties) = preSolution
		HideSolutionNode = FALSE
	EndGlobalSection
	GlobalSection(ExtensibilityGlobals) = postSolution
		SolutionGuid = {97A555D0-1E15-43AE-93DB-26B8EC36FF10}
	EndGlobalSection
EndGlobal
