
Microsoft Visual Studio Solution File, Format Version 12.00
# Visual Studio 15
VisualStudioVersion = 15.0.26730.15
MinimumVisualStudioVersion = 10.0.40219.1
Project("{FAE04EC0-301F-11D3-BF4B-00C04F79EFBC}") = "Add_Continuation_For_Canceled_Tasks", "Add_Continuation_For_Canceled_Tasks\Add_Continuation_For_Canceled_Tasks.csproj", "{9705B662-7DF2-4F06-8323-7F4F81B3D90A}"
EndProject
Global
	GlobalSection(SolutionConfigurationPlatforms) = preSolution
		Debug|Any CPU = Debug|Any CPU
		Release|Any CPU = Release|Any CPU
	EndGlobalSection
	GlobalSection(ProjectConfigurationPlatforms) = postSolution
		{9705B662-7DF2-4F06-8323-7F4F81B3D90A}.Debug|Any CPU.ActiveCfg = Debug|Any CPU
		{9705B662-7DF2-4F06-8323-7F4F81B3D90A}.Debug|Any CPU.Build.0 = Debug|Any CPU
		{9705B662-7DF2-4F06-8323-7F4F81B3D90A}.Release|Any CPU.ActiveCfg = Release|Any CPU
		{9705B662-7DF2-4F06-8323-7F4F81B3D90A}.Release|Any CPU.Build.0 = Release|Any CPU
	EndGlobalSection
	GlobalSection(SolutionProperties) = preSolution
		HideSolutionNode = FALSE
	EndGlobalSection
	GlobalSection(ExtensibilityGlobals) = postSolution
		SolutionGuid = {286CFEAC-DE35-4547-BCE2-00E91D0BBF7B}
	EndGlobalSection
EndGlobal
