
Microsoft Visual Studio Solution File, Format Version 12.00
# Visual Studio 15
VisualStudioVersion = 15.0.26730.15
MinimumVisualStudioVersion = 10.0.40219.1
Project("{FAE04EC0-301F-11D3-BF4B-00C04F79EFBC}") = "Using_A_ConcurrentDictionary", "Using_A_ConcurrentDictionary\Using_A_ConcurrentDictionary.csproj", "{F56DB6FD-AAE1-48A9-A730-C332ACDDD5FB}"
EndProject
Global
	GlobalSection(SolutionConfigurationPlatforms) = preSolution
		Debug|Any CPU = Debug|Any CPU
		Release|Any CPU = Release|Any CPU
	EndGlobalSection
	GlobalSection(ProjectConfigurationPlatforms) = postSolution
		{F56DB6FD-AAE1-48A9-A730-C332ACDDD5FB}.Debug|Any CPU.ActiveCfg = Debug|Any CPU
		{F56DB6FD-AAE1-48A9-A730-C332ACDDD5FB}.Debug|Any CPU.Build.0 = Debug|Any CPU
		{F56DB6FD-AAE1-48A9-A730-C332ACDDD5FB}.Release|Any CPU.ActiveCfg = Release|Any CPU
		{F56DB6FD-AAE1-48A9-A730-C332ACDDD5FB}.Release|Any CPU.Build.0 = Release|Any CPU
	EndGlobalSection
	GlobalSection(SolutionProperties) = preSolution
		HideSolutionNode = FALSE
	EndGlobalSection
	GlobalSection(ExtensibilityGlobals) = postSolution
		SolutionGuid = {765FDEFF-B46D-4F35-8F78-46E017DC2744}
	EndGlobalSection
EndGlobal
