
Microsoft Visual Studio Solution File, Format Version 12.00
# Visual Studio 14
VisualStudioVersion = 14.0.25420.1
MinimumVisualStudioVersion = 10.0.40219.1
Project("{FAE04EC0-301F-11D3-BF4B-00C04F79EFBC}") = "Configurations_Test", "Configurations_Test\Configurations_Test.csproj", "{2827EBB3-61C5-4C0A-97F7-9CDDEA603220}"
EndProject
Global
	GlobalSection(SolutionConfigurationPlatforms) = preSolution
		Debug|Any CPU = Debug|Any CPU
		Prod|Any CPU = Prod|Any CPU
		QA|Any CPU = QA|Any CPU
		Release|Any CPU = Release|Any CPU
		Stage|Any CPU = Stage|Any CPU
		UAT|Any CPU = UAT|Any CPU
	EndGlobalSection
	GlobalSection(ProjectConfigurationPlatforms) = postSolution
		{2827EBB3-61C5-4C0A-97F7-9CDDEA603220}.Debug|Any CPU.ActiveCfg = Debug|Any CPU
		{2827EBB3-61C5-4C0A-97F7-9CDDEA603220}.Debug|Any CPU.Build.0 = Debug|Any CPU
		{2827EBB3-61C5-4C0A-97F7-9CDDEA603220}.Prod|Any CPU.ActiveCfg = Prod|Any CPU
		{2827EBB3-61C5-4C0A-97F7-9CDDEA603220}.Prod|Any CPU.Build.0 = Prod|Any CPU
		{2827EBB3-61C5-4C0A-97F7-9CDDEA603220}.QA|Any CPU.ActiveCfg = QA|Any CPU
		{2827EBB3-61C5-4C0A-97F7-9CDDEA603220}.QA|Any CPU.Build.0 = QA|Any CPU
		{2827EBB3-61C5-4C0A-97F7-9CDDEA603220}.Release|Any CPU.ActiveCfg = Release|Any CPU
		{2827EBB3-61C5-4C0A-97F7-9CDDEA603220}.Release|Any CPU.Build.0 = Release|Any CPU
		{2827EBB3-61C5-4C0A-97F7-9CDDEA603220}.Stage|Any CPU.ActiveCfg = Stage|Any CPU
		{2827EBB3-61C5-4C0A-97F7-9CDDEA603220}.Stage|Any CPU.Build.0 = Stage|Any CPU
		{2827EBB3-61C5-4C0A-97F7-9CDDEA603220}.UAT|Any CPU.ActiveCfg = UAT|Any CPU
		{2827EBB3-61C5-4C0A-97F7-9CDDEA603220}.UAT|Any CPU.Build.0 = UAT|Any CPU
	EndGlobalSection
	GlobalSection(SolutionProperties) = preSolution
		HideSolutionNode = FALSE
	EndGlobalSection
	GlobalSection(TeamFoundationVersionControl) = preSolution
		SccNumberOfProjects = 2
		SccEnterpriseProvider = {4CA58AB2-18FA-4F8D-95D4-32DDF27D184C}
		SccTeamFoundationServer = http://vminob035:8080/tfs/gtp2017
		SccLocalPath0 = .
		SccProjectUniqueName1 = Configurations_Test\\Configurations_Test.csproj
		SccProjectName1 = Configurations_Test
		SccLocalPath1 = Configurations_Test
	EndGlobalSection
EndGlobal
