
Microsoft Visual Studio Solution File, Format Version 12.00
# Visual Studio 15
VisualStudioVersion = 15.0.26730.15
MinimumVisualStudioVersion = 10.0.40219.1
Project("{FAE04EC0-301F-11D3-BF4B-00C04F79EFBC}") = "Ordered_Parallel_Query", "Ordered_Parallel_Query\Ordered_Parallel_Query.csproj", "{0F3DA434-799A-4A98-AFED-6E0C2459A297}"
EndProject
Global
	GlobalSection(SolutionConfigurationPlatforms) = preSolution
		Debug|Any CPU = Debug|Any CPU
		Release|Any CPU = Release|Any CPU
	EndGlobalSection
	GlobalSection(ProjectConfigurationPlatforms) = postSolution
		{0F3DA434-799A-4A98-AFED-6E0C2459A297}.Debug|Any CPU.ActiveCfg = Debug|Any CPU
		{0F3DA434-799A-4A98-AFED-6E0C2459A297}.Debug|Any CPU.Build.0 = Debug|Any CPU
		{0F3DA434-799A-4A98-AFED-6E0C2459A297}.Release|Any CPU.ActiveCfg = Release|Any CPU
		{0F3DA434-799A-4A98-AFED-6E0C2459A297}.Release|Any CPU.Build.0 = Release|Any CPU
	EndGlobalSection
	GlobalSection(SolutionProperties) = preSolution
		HideSolutionNode = FALSE
	EndGlobalSection
	GlobalSection(ExtensibilityGlobals) = postSolution
		SolutionGuid = {574B2EAC-59D0-4F03-BAF5-218E1425898B}
	EndGlobalSection
EndGlobal
