
Microsoft Visual Studio Solution File, Format Version 12.00
# Visual Studio 15
VisualStudioVersion = 15.0.26730.15
MinimumVisualStudioVersion = 10.0.40219.1
Project("{FAE04EC0-301F-11D3-BF4B-00C04F79EFBC}") = "Jump_Statements", "Jump_Statements\Jump_Statements.csproj", "{079ED027-44AE-4F4D-86EC-E5FB302C4392}"
EndProject
Global
	GlobalSection(SolutionConfigurationPlatforms) = preSolution
		Debug|Any CPU = Debug|Any CPU
		Release|Any CPU = Release|Any CPU
	EndGlobalSection
	GlobalSection(ProjectConfigurationPlatforms) = postSolution
		{079ED027-44AE-4F4D-86EC-E5FB302C4392}.Debug|Any CPU.ActiveCfg = Debug|Any CPU
		{079ED027-44AE-4F4D-86EC-E5FB302C4392}.Debug|Any CPU.Build.0 = Debug|Any CPU
		{079ED027-44AE-4F4D-86EC-E5FB302C4392}.Release|Any CPU.ActiveCfg = Release|Any CPU
		{079ED027-44AE-4F4D-86EC-E5FB302C4392}.Release|Any CPU.Build.0 = Release|Any CPU
	EndGlobalSection
	GlobalSection(SolutionProperties) = preSolution
		HideSolutionNode = FALSE
	EndGlobalSection
	GlobalSection(ExtensibilityGlobals) = postSolution
		SolutionGuid = {02B26FBE-1A0E-4EF3-ADDE-94422CD7AB48}
	EndGlobalSection
EndGlobal
