
Microsoft Visual Studio Solution File, Format Version 12.00
# Visual Studio 15
VisualStudioVersion = 15.0.26730.15
MinimumVisualStudioVersion = 10.0.40219.1
Project("{FAE04EC0-301F-11D3-BF4B-00C04F79EFBC}") = "Using_Task.WaitAny", "Using_Task.WaitAny\Using_Task.WaitAny.csproj", "{34FE894E-8420-451B-B080-79501B46A9C5}"
EndProject
Global
	GlobalSection(SolutionConfigurationPlatforms) = preSolution
		Debug|Any CPU = Debug|Any CPU
		Release|Any CPU = Release|Any CPU
	EndGlobalSection
	GlobalSection(ProjectConfigurationPlatforms) = postSolution
		{34FE894E-8420-451B-B080-79501B46A9C5}.Debug|Any CPU.ActiveCfg = Debug|Any CPU
		{34FE894E-8420-451B-B080-79501B46A9C5}.Debug|Any CPU.Build.0 = Debug|Any CPU
		{34FE894E-8420-451B-B080-79501B46A9C5}.Release|Any CPU.ActiveCfg = Release|Any CPU
		{34FE894E-8420-451B-B080-79501B46A9C5}.Release|Any CPU.Build.0 = Release|Any CPU
	EndGlobalSection
	GlobalSection(SolutionProperties) = preSolution
		HideSolutionNode = FALSE
	EndGlobalSection
	GlobalSection(ExtensibilityGlobals) = postSolution
		SolutionGuid = {FD407E47-D868-4573-B35A-D3CAC5A314F2}
	EndGlobalSection
EndGlobal
