
Microsoft Visual Studio Solution File, Format Version 12.00
# Visual Studio 14
VisualStudioVersion = 14.0.25420.1
MinimumVisualStudioVersion = 10.0.40219.1
Project("{FAE04EC0-301F-11D3-BF4B-00C04F79EFBC}") = "Calculator", "Calculator\Calculator.csproj", "{ABDFF152-02B1-4C91-872D-BCD4A21A8AD1}"
EndProject
Project("{FAE04EC0-301F-11D3-BF4B-00C04F79EFBC}") = "Calculator_Test", "Calculator_Test\Calculator_Test.csproj", "{DC4FE63A-9842-4E27-8F9F-6A6F13D0F2EC}"
EndProject
Global
	GlobalSection(SolutionConfigurationPlatforms) = preSolution
		Debug|Any CPU = Debug|Any CPU
		Release|Any CPU = Release|Any CPU
	EndGlobalSection
	GlobalSection(ProjectConfigurationPlatforms) = postSolution
		{ABDFF152-02B1-4C91-872D-BCD4A21A8AD1}.Debug|Any CPU.ActiveCfg = Debug|Any CPU
		{ABDFF152-02B1-4C91-872D-BCD4A21A8AD1}.Debug|Any CPU.Build.0 = Debug|Any CPU
		{ABDFF152-02B1-4C91-872D-BCD4A21A8AD1}.Release|Any CPU.ActiveCfg = Release|Any CPU
		{ABDFF152-02B1-4C91-872D-BCD4A21A8AD1}.Release|Any CPU.Build.0 = Release|Any CPU
		{DC4FE63A-9842-4E27-8F9F-6A6F13D0F2EC}.Debug|Any CPU.ActiveCfg = Debug|Any CPU
		{DC4FE63A-9842-4E27-8F9F-6A6F13D0F2EC}.Debug|Any CPU.Build.0 = Debug|Any CPU
		{DC4FE63A-9842-4E27-8F9F-6A6F13D0F2EC}.Release|Any CPU.ActiveCfg = Release|Any CPU
		{DC4FE63A-9842-4E27-8F9F-6A6F13D0F2EC}.Release|Any CPU.Build.0 = Release|Any CPU
	EndGlobalSection
	GlobalSection(SolutionProperties) = preSolution
		HideSolutionNode = FALSE
	EndGlobalSection
	GlobalSection(TeamFoundationVersionControl) = preSolution
		SccNumberOfProjects = 3
		SccEnterpriseProvider = {4CA58AB2-18FA-4F8D-95D4-32DDF27D184C}
		SccTeamFoundationServer = http://172.31.99.60:8080/tfs/gtp2017
		SccLocalPath0 = .
		SccProjectUniqueName1 = Calculator\\Calculator.csproj
		SccProjectName1 = Calculator
		SccLocalPath1 = Calculator
		SccProjectUniqueName2 = Calculator_Test\\Calculator_Test.csproj
		SccProjectName2 = Calculator_Test
		SccLocalPath2 = Calculator_Test
	EndGlobalSection
EndGlobal
