
Microsoft Visual Studio Solution File, Format Version 12.00
# Visual Studio 14
VisualStudioVersion = 14.0.25420.1
MinimumVisualStudioVersion = 10.0.40219.1
Project("{FAE04EC0-301F-11D3-BF4B-00C04F79EFBC}") = "HelloWorld", "HelloWorld\HelloWorld.csproj", "{65962C76-0F3B-4D58-81F4-765506C5540D}"
EndProject
Global
	GlobalSection(SolutionConfigurationPlatforms) = preSolution
		Debug|Any CPU = Debug|Any CPU
		Release|Any CPU = Release|Any CPU
	EndGlobalSection
	GlobalSection(ProjectConfigurationPlatforms) = postSolution
		{65962C76-0F3B-4D58-81F4-765506C5540D}.Debug|Any CPU.ActiveCfg = Debug|Any CPU
		{65962C76-0F3B-4D58-81F4-765506C5540D}.Debug|Any CPU.Build.0 = Debug|Any CPU
		{65962C76-0F3B-4D58-81F4-765506C5540D}.Release|Any CPU.ActiveCfg = Release|Any CPU
		{65962C76-0F3B-4D58-81F4-765506C5540D}.Release|Any CPU.Build.0 = Release|Any CPU
	EndGlobalSection
	GlobalSection(SolutionProperties) = preSolution
		HideSolutionNode = FALSE
	EndGlobalSection
	GlobalSection(TeamFoundationVersionControl) = preSolution
		SccNumberOfProjects = 2
		SccEnterpriseProvider = {4CA58AB2-18FA-4F8D-95D4-32DDF27D184C}
		SccTeamFoundationServer = http://172.31.99.60:8080/tfs/gtp2017
		SccLocalPath0 = .
		SccProjectUniqueName1 = HelloWorld\\HelloWorld.csproj
		SccProjectName1 = HelloWorld
		SccLocalPath1 = HelloWorld
	EndGlobalSection
EndGlobal
