
Microsoft Visual Studio Solution File, Format Version 12.00
# Visual Studio 15
VisualStudioVersion = 15.0.26730.15
MinimumVisualStudioVersion = 10.0.40219.1
Project("{FAE04EC0-301F-11D3-BF4B-00C04F79EFBC}") = "Using_CancellationToken", "Using_CancellationToken\Using_CancellationToken.csproj", "{905C5632-83B0-4BB4-9EDD-D770EEF6246E}"
EndProject
Global
	GlobalSection(SolutionConfigurationPlatforms) = preSolution
		Debug|Any CPU = Debug|Any CPU
		Release|Any CPU = Release|Any CPU
	EndGlobalSection
	GlobalSection(ProjectConfigurationPlatforms) = postSolution
		{905C5632-83B0-4BB4-9EDD-D770EEF6246E}.Debug|Any CPU.ActiveCfg = Debug|Any CPU
		{905C5632-83B0-4BB4-9EDD-D770EEF6246E}.Debug|Any CPU.Build.0 = Debug|Any CPU
		{905C5632-83B0-4BB4-9EDD-D770EEF6246E}.Release|Any CPU.ActiveCfg = Release|Any CPU
		{905C5632-83B0-4BB4-9EDD-D770EEF6246E}.Release|Any CPU.Build.0 = Release|Any CPU
	EndGlobalSection
	GlobalSection(SolutionProperties) = preSolution
		HideSolutionNode = FALSE
	EndGlobalSection
	GlobalSection(ExtensibilityGlobals) = postSolution
		SolutionGuid = {51303F60-52F3-4E44-AE6D-6C7F4BE20722}
	EndGlobalSection
EndGlobal
